# This file was autogenerated by Stack.
# You should not edit this file by hand.
# For more information, please see the documentation at:
#   https://docs.haskellstack.org/en/stable/lock_files

packages:
- completed:
    hackage: storablevector-carray-0.0@sha256:3340fd47d5f053fe0df91368c393eaf3c011ae60a242825ba78aed3ccddc4953,1260
    pantry-tree:
      size: 239
      sha256: 2854b9814f81da914f8de4c91dfa8d21013ceca638294ad614e835980486ef21
  original:
    hackage: storablevector-carray-0.0@sha256:3340fd47d5f053fe0df91368c393eaf3c011ae60a242825ba78aed3ccddc4953,1260
- completed:
    hackage: hsndfile-0.8.0@sha256:3e77b6a4997e2c92b99864b1d63ec8fa42c9e4e26988f74bdf9930eb6793a323,1757
    pantry-tree:
      size: 745
      sha256: cb772a261c57519cb26e039baf541db8553dac9fa35ada7457f13c82e1f9c73c
  original:
    hackage: hsndfile-0.8.0@sha256:3e77b6a4997e2c92b99864b1d63ec8fa42c9e4e26988f74bdf9930eb6793a323,1757
- completed:
    hackage: hsndfile-storablevector-0.5.2@sha256:f260b08d0d2670087f2a432437877dd93da7a8c763d3607548d6ccc0c7374a62,1309
    pantry-tree:
      size: 344
      sha256: b4347f7a4157fa4a399bcd52bb9c5bbdf64e2ed773962dc0e1c86e62f88af8e5
  original:
    hackage: hsndfile-storablevector-0.5.2@sha256:f260b08d0d2670087f2a432437877dd93da7a8c763d3607548d6ccc0c7374a62,1309
- completed:
    hackage: ffmpeg-light-0.14.0@sha256:4b8d45af99024fee650e46bb0219db18e626182e4e18cb7221d5716bda51620b,5299
    pantry-tree:
      size: 1557
      sha256: 00948636e26379699b10f5c471cc8450a7baf5e7b39d9f3e2da6a4ce75191c9c
  original:
    hackage: ffmpeg-light-0.14.0@sha256:4b8d45af99024fee650e46bb0219db18e626182e4e18cb7221d5716bda51620b,5299
snapshots:
- completed:
    size: 587113
    url: https://raw.githubusercontent.com/commercialhaskell/stackage-snapshots/master/lts/18/6.yaml
    sha256: f74c482d7c93739ecf3abfbc0f2dea1c20a2dfb2462c689846ed55a9653b66f7
  original: lts-18.6
